
Microsoft Visual Studio Solution File, Format Version 12.00
# Visual Studio Version 16
VisualStudioVersion = 16.0.29230.47
MinimumVisualStudioVersion = 10.0.40219.1
Project("{FAE04EC0-301F-11D3-BF4B-00C04F79EFBC}") = "ALMProject1.Web", "ALMProject1.Web\ALMProject1.Web.csproj", "{56E27264-DC72-4F70-91DC-51ABADB45D2C}"
EndProject
Project("{FAE04EC0-301F-11D3-BF4B-00C04F79EFBC}") = "ALMProject1.Tests", "ALMProject1.Tests\ALMProject1.Tests.csproj", "{B65AD676-DF10-4088-92E1-4C96CDAFA0F6}"
EndProject
Global
	GlobalSection(SolutionConfigurationPlatforms) = preSolution
		Debug|Any CPU = Debug|Any CPU
		Release|Any CPU = Release|Any CPU
	EndGlobalSection
	GlobalSection(ProjectConfigurationPlatforms) = postSolution
		{56E27264-DC72-4F70-91DC-51ABADB45D2C}.Debug|Any CPU.ActiveCfg = Debug|Any CPU
		{56E27264-DC72-4F70-91DC-51ABADB45D2C}.Debug|Any CPU.Build.0 = Debug|Any CPU
		{56E27264-DC72-4F70-91DC-51ABADB45D2C}.Release|Any CPU.ActiveCfg = Release|Any CPU
		{56E27264-DC72-4F70-91DC-51ABADB45D2C}.Release|Any CPU.Build.0 = Release|Any CPU
		{B65AD676-DF10-4088-92E1-4C96CDAFA0F6}.Debug|Any CPU.ActiveCfg = Debug|Any CPU
		{B65AD676-DF10-4088-92E1-4C96CDAFA0F6}.Debug|Any CPU.Build.0 = Debug|Any CPU
		{B65AD676-DF10-4088-92E1-4C96CDAFA0F6}.Release|Any CPU.ActiveCfg = Release|Any CPU
		{B65AD676-DF10-4088-92E1-4C96CDAFA0F6}.Release|Any CPU.Build.0 = Release|Any CPU
	EndGlobalSection
	GlobalSection(SolutionProperties) = preSolution
		HideSolutionNode = FALSE
	EndGlobalSection
	GlobalSection(ExtensibilityGlobals) = postSolution
		SolutionGuid = {5951389F-2A8C-4384-AC56-8CD2BCD80F27}
	EndGlobalSection
EndGlobal
